Microsoft Visual Studio Solution File, Format Version 12.00
Project("{9A19103F-16F7-4668-BE54-9A1E7A4F7556}") = "7.5-SchetsEditorC", "7.5-SchetsEditorC.csproj", "{0B60D09A-438F-45D3-8670-5A6623FCBDE5}"
EndProject
Project("{2150E333-8FDC-42A3-9474-1A3956D46DE8}") = "repos", "..\..\repos", "{89EA82EC-3109-4663-81E7-EC28C5904398}"
EndProject
Global
	GlobalSection(SolutionConfigurationPlatforms) = preSolution
		Debug|Any CPU = Debug|Any CPU
		Release|Any CPU = Release|Any CPU
	EndGlobalSection
	GlobalSection(ProjectConfigurationPlatforms) = postSolution
		{0B60D09A-438F-45D3-8670-5A6623FCBDE5}.Debug|Any CPU.ActiveCfg = Debug|Any CPU
		{0B60D09A-438F-45D3-8670-5A6623FCBDE5}.Debug|Any CPU.Build.0 = Debug|Any CPU
		{0B60D09A-438F-45D3-8670-5A6623FCBDE5}.Release|Any CPU.ActiveCfg = Release|Any CPU
		{0B60D09A-438F-45D3-8670-5A6623FCBDE5}.Release|Any CPU.Build.0 = Release|Any CPU
	EndGlobalSection
	GlobalSection(SolutionProperties) = preSolution
		HideSolutionNode = FALSE
	EndGlobalSection
	GlobalSection(NestedProjects) = preSolution
	EndGlobalSection
	GlobalSection(ExtensibilityGlobals) = postSolution
		SolutionGuid = {2DC8CB8C-6D44-4FE0-9EA5-646001CA20B5}
	EndGlobalSection
EndGlobal
